
Microsoft Visual Studio Solution File, Format Version 12.00
# Visual Studio Version 17
VisualStudioVersion = 17.3.32922.545
MinimumVisualStudioVersion = 10.0.40219.1
Project("{8BC9CEB8-8B4A-11D0-8D11-00A0C91BC942}") = "ClientFramework", "ClientFramework\ClientFramework.vcxproj", "{7EB48F7F-2134-43D8-9949-8FB8CFE6DD4E}"
EndProject
Project("{8BC9CEB8-8B4A-11D0-8D11-00A0C91BC942}") = "Server_work", "Server_work\Server_work.vcxproj", "{B3BDA6E6-E5C9-4726-BB73-93BB13822A7A}"
EndProject
Global
	GlobalSection(SolutionConfigurationPlatforms) = preSolution
		Debug|x64 = Debug|x64
		Debug|x86 = Debug|x86
		Release|x64 = Release|x64
		Release|x86 = Release|x86
	EndGlobalSection
	GlobalSection(ProjectConfigurationPlatforms) = postSolution
		{7EB48F7F-2134-43D8-9949-8FB8CFE6DD4E}.Debug|x64.ActiveCfg = Debug|x64
		{7EB48F7F-2134-43D8-9949-8FB8CFE6DD4E}.Debug|x64.Build.0 = Debug|x64
		{7EB48F7F-2134-43D8-9949-8FB8CFE6DD4E}.Debug|x86.ActiveCfg = Debug|Win32
		{7EB48F7F-2134-43D8-9949-8FB8CFE6DD4E}.Debug|x86.Build.0 = Debug|Win32
		{7EB48F7F-2134-43D8-9949-8FB8CFE6DD4E}.Release|x64.ActiveCfg = Release|x64
		{7EB48F7F-2134-43D8-9949-8FB8CFE6DD4E}.Release|x64.Build.0 = Release|x64
		{7EB48F7F-2134-43D8-9949-8FB8CFE6DD4E}.Release|x86.ActiveCfg = Release|Win32
		{7EB48F7F-2134-43D8-9949-8FB8CFE6DD4E}.Release|x86.Build.0 = Release|Win32
		{B3BDA6E6-E5C9-4726-BB73-93BB13822A7A}.Debug|x64.ActiveCfg = Debug|x64
		{B3BDA6E6-E5C9-4726-BB73-93BB13822A7A}.Debug|x64.Build.0 = Debug|x64
		{B3BDA6E6-E5C9-4726-BB73-93BB13822A7A}.Debug|x86.ActiveCfg = Debug|Win32
		{B3BDA6E6-E5C9-4726-BB73-93BB13822A7A}.Debug|x86.Build.0 = Debug|Win32
		{B3BDA6E6-E5C9-4726-BB73-93BB13822A7A}.Release|x64.ActiveCfg = Release|x64
		{B3BDA6E6-E5C9-4726-BB73-93BB13822A7A}.Release|x64.Build.0 = Release|x64
		{B3BDA6E6-E5C9-4726-BB73-93BB13822A7A}.Release|x86.ActiveCfg = Release|Win32
		{B3BDA6E6-E5C9-4726-BB73-93BB13822A7A}.Release|x86.Build.0 = Release|Win32
	EndGlobalSection
	GlobalSection(SolutionProperties) = preSolution
		HideSolutionNode = FALSE
	EndGlobalSection
	GlobalSection(ExtensibilityGlobals) = postSolution
		SolutionGuid = {59FA0DFB-284F-4EC9-A79E-1B72BFBF74BB}
	EndGlobalSection
EndGlobal
